// !$*UTF8*$!
{
	archiveVersion = 1;
	classes = {
	};
	objectVersion = 46;
	objects = {

/* Begin PBXBuildFile section */
		4E2165D81AAA48C000156D39 /* ResortCell.swift in Sources */ = {isa = PBXBuildFile; fileRef = 4E2165D71AAA48C000156D39 /* ResortCell.swift */; };
		4E2511851AA64160002EEA3A /* Lift.swift in Sources */ = {isa = PBXBuildFile; fileRef = 4E2511841AA64160002EEA3A /* Lift.swift */; };
		4E37DACA1A9A3767004C9017 /* SwiftyJSON.swift in Sources */ = {isa = PBXBuildFile; fileRef = 4E37DAB51A9A3767004C9017 /* SwiftyJSON.swift */; };
		4E4611C51A9A213C00116822 /* AppDelegate.swift in Sources */ = {isa = PBXBuildFile; fileRef = 4E4611C41A9A213C00116822 /* AppDelegate.swift */; };
		4E4611C81A9A213C00116822 /* LiftieClient.xcdatamodeld in Sources */ = {isa = PBXBuildFile; fileRef = 4E4611C61A9A213C00116822 /* LiftieClient.xcdatamodeld */; };
		4E4611CA1A9A213C00116822 /* MasterViewController.swift in Sources */ = {isa = PBXBuildFile; fileRef = 4E4611C91A9A213C00116822 /* MasterViewController.swift */; };
		4E4611CC1A9A213C00116822 /* DetailViewController.swift in Sources */ = {isa = PBXBuildFile; fileRef = 4E4611CB1A9A213C00116822 /* DetailViewController.swift */; };
		4E4611CF1A9A213C00116822 /* Main.storyboard in Resources */ = {isa = PBXBuildFile; fileRef = 4E4611CD1A9A213C00116822 /* Main.storyboard */; };
		4E4611D11A9A213C00116822 /* Images.xcassets in Resources */ = {isa = PBXBuildFile; fileRef = 4E4611D01A9A213C00116822 /* Images.xcassets */; };
		4E4611D41A9A213C00116822 /* LaunchScreen.xib in Resources */ = {isa = PBXBuildFile; fileRef = 4E4611D21A9A213C00116822 /* LaunchScreen.xib */; };
		4E4611E01A9A213C00116822 /* LiftieClientTests.swift in Sources */ = {isa = PBXBuildFile; fileRef = 4E4611DF1A9A213C00116822 /* LiftieClientTests.swift */; };
		4E4611EA1A9A22DD00116822 /* Resort.swift in Sources */ = {isa = PBXBuildFile; fileRef = 4E4611E91A9A22DD00116822 /* Resort.swift */; };
		4E57FEEE1A9A392C00FED8ED /* SwiftyJSON.framework in Frameworks */ = {isa = PBXBuildFile; fileRef = 4E37DADF1A9A3768004C9017 /* SwiftyJSON.framework */; };
		4E57FEFC1A9A3C1D00FED8ED /* DataAccessManager.swift in Sources */ = {isa = PBXBuildFile; fileRef = 4E57FEFB1A9A3C1D00FED8ED /* DataAccessManager.swift */; };
/* End PBXBuildFile section */

/* Begin PBXContainerItemProxy section */
		4E37DADE1A9A3768004C9017 /* PBXContainerItemProxy */ = {
			isa = PBXContainerItemProxy;
			containerPortal = 4E37DAB61A9A3767004C9017 /* SwiftyJSON.xcodeproj */;
			proxyType = 2;
			remoteGlobalIDString = 2E4FEFDB19575BE100351305;
			remoteInfo = SwiftyJSON;
		};
		4E37DAE01A9A3768004C9017 /* PBXContainerItemProxy */ = {
			isa = PBXContainerItemProxy;
			containerPortal = 4E37DAB61A9A3767004C9017 /* SwiftyJSON.xcodeproj */;
			proxyType = 2;
			remoteGlobalIDString = 2E4FEFE619575BE100351305;
			remoteInfo = SwiftyJSONTests;
		};
		4E37DAE21A9A3768004C9017 /* PBXContainerItemProxy */ = {
			isa = PBXContainerItemProxy;
			containerPortal = 4E37DAB61A9A3767004C9017 /* SwiftyJSON.xcodeproj */;
			proxyType = 2;
			remoteGlobalIDString = 4EC1C1C91A0C1A2D0026ED0B;
			remoteInfo = SwiftyJSONOSX;
		};
		4E37DAE41A9A3768004C9017 /* PBXContainerItemProxy */ = {
			isa = PBXContainerItemProxy;
			containerPortal = 4E37DAB61A9A3767004C9017 /* SwiftyJSON.xcodeproj */;
			proxyType = 2;
			remoteGlobalIDString = 4EC1C1D31A0C1A2D0026ED0B;
			remoteInfo = SwiftyJSONOSXTests;
		};
		4E4611DA1A9A213C00116822 /* PBXContainerItemProxy */ = {
			isa = PBXContainerItemProxy;
			containerPortal = 4E4611B71A9A213C00116822 /* Project object */;
			proxyType = 1;
			remoteGlobalIDString = 4E4611BE1A9A213C00116822;
			remoteInfo = LiftieClient;
		};
/* End PBXContainerItemProxy section */

/* Begin PBXFileReference section */
		4E2165D71AAA48C000156D39 /* ResortCell.swift */ = {isa = PBXFileReference; fileEncoding = 4; lastKnownFileType = sourcecode.swift; path = ResortCell.swift; sourceTree = "<group>"; };
		4E2511841AA64160002EEA3A /* Lift.swift */ = {isa = PBXFileReference; fileEncoding = 4; lastKnownFileType = sourcecode.swift; path = Lift.swift; sourceTree = "<group>"; };
		4E37DAB31A9A3767004C9017 /* Info.plist */ = {isa = PBXFileReference; fileEncoding = 4; lastKnownFileType = text.plist.xml; path = Info.plist; sourceTree = "<group>"; };
		4E37DAB41A9A3767004C9017 /* SwiftyJSON.h */ = {isa = PBXFileReference; fileEncoding = 4; lastKnownFileType = sourcecode.c.h; path = SwiftyJSON.h; sourceTree = "<group>"; };
		4E37DAB51A9A3767004C9017 /* SwiftyJSON.swift */ = {isa = PBXFileReference; fileEncoding = 4; lastKnownFileType = sourcecode.swift; path = SwiftyJSON.swift; sourceTree = "<group>"; };
		4E37DAB61A9A3767004C9017 /* SwiftyJSON.xcodeproj */ = {isa = PBXFileReference; lastKnownFileType = "wrapper.pb-project"; path = SwiftyJSON.xcodeproj; sourceTree = "<group>"; };
		4E4611BF1A9A213C00116822 /* LiftieClient.app */ = {isa = PBXFileReference; explicitFileType = wrapper.application; includeInIndex = 0; path = LiftieClient.app; sourceTree = BUILT_PRODUCTS_DIR; };
		4E4611C31A9A213C00116822 /* Info.plist */ = {isa = PBXFileReference; lastKnownFileType = text.plist.xml; path = Info.plist; sourceTree = "<group>"; };
		4E4611C41A9A213C00116822 /* AppDelegate.swift */ = {isa = PBXFileReference; lastKnownFileType = sourcecode.swift; path = AppDelegate.swift; sourceTree = "<group>"; };
		4E4611C71A9A213C00116822 /* LiftieClient.xcdatamodel */ = {isa = PBXFileReference; lastKnownFileType = wrapper.xcdatamodel; path = LiftieClient.xcdatamodel; sourceTree = "<group>"; };
		4E4611C91A9A213C00116822 /* MasterViewController.swift */ = {isa = PBXFileReference; lastKnownFileType = sourcecode.swift; path = MasterViewController.swift; sourceTree = "<group>"; };
		4E4611CB1A9A213C00116822 /* DetailViewController.swift */ = {isa = PBXFileReference; lastKnownFileType = sourcecode.swift; path = DetailViewController.swift; sourceTree = "<group>"; };
		4E4611CE1A9A213C00116822 /* Base */ = {isa = PBXFileReference; lastKnownFileType = file.storyboard; name = Base; path = Base.lproj/Main.storyboard; sourceTree = "<group>"; };
		4E4611D01A9A213C00116822 /* Images.xcassets */ = {isa = PBXFileReference; lastKnownFileType = folder.assetcatalog; path = Images.xcassets; sourceTree = "<group>"; };
		4E4611D31A9A213C00116822 /* Base */ = {isa = PBXFileReference; lastKnownFileType = file.xib; name = Base; path = Base.lproj/LaunchScreen.xib; sourceTree = "<group>"; };
		4E4611D91A9A213C00116822 /* LiftieClientTests.xctest */ = {isa = PBXFileReference; explicitFileType = wrapper.cfbundle; includeInIndex = 0; path = LiftieClientTests.xctest; sourceTree = BUILT_PRODUCTS_DIR; };
		4E4611DE1A9A213C00116822 /* Info.plist */ = {isa = PBXFileReference; lastKnownFileType = text.plist.xml; path = Info.plist; sourceTree = "<group>"; };
		4E4611DF1A9A213C00116822 /* LiftieClientTests.swift */ = {isa = PBXFileReference; lastKnownFileType = sourcecode.swift; path = LiftieClientTests.swift; sourceTree = "<group>"; };
		4E4611E91A9A22DD00116822 /* Resort.swift */ = {isa = PBXFileReference; fileEncoding = 4; lastKnownFileType = sourcecode.swift; path = Resort.swift; sourceTree = "<group>"; };
		4E57FEFB1A9A3C1D00FED8ED /* DataAccessManager.swift */ = {isa = PBXFileReference; fileEncoding = 4; lastKnownFileType = sourcecode.swift; path = DataAccessManager.swift; sourceTree = "<group>"; };
/* End PBXFileReference section */

/* Begin PBXFrameworksBuildPhase section */
		4E4611BC1A9A213C00116822 /* Frameworks */ = {
			isa = PBXFrameworksBuildPhase;
			buildActionMask = 2147483647;
			files = (
				4E57FEEE1A9A392C00FED8ED /* SwiftyJSON.framework in Frameworks */,
			);
			runOnlyForDeploymentPostprocessing = 0;
		};
		4E4611D61A9A213C00116822 /* Frameworks */ = {
			isa = PBXFrameworksBuildPhase;
			buildActionMask = 2147483647;
			files = (
			);
			runOnlyForDeploymentPostprocessing = 0;
		};
/* End PBXFrameworksBuildPhase section */

/* Begin PBXGroup section */
		4E37DAB11A9A3767004C9017 /* SwiftyJsonLib */ = {
			isa = PBXGroup;
			children = (
				4E37DAB61A9A3767004C9017 /* SwiftyJSON.xcodeproj */,
				4E37DAB21A9A3767004C9017 /* Source */,
			);
			path = SwiftyJsonLib;
			sourceTree = "<group>";
		};
		4E37DAB21A9A3767004C9017 /* Source */ = {
			isa = PBXGroup;
			children = (
				4E37DAB31A9A3767004C9017 /* Info.plist */,
				4E37DAB41A9A3767004C9017 /* SwiftyJSON.h */,
				4E37DAB51A9A3767004C9017 /* SwiftyJSON.swift */,
			);
			path = Source;
			sourceTree = "<group>";
		};
		4E37DAB71A9A3767004C9017 /* Products */ = {
			isa = PBXGroup;
			children = (
				4E37DADF1A9A3768004C9017 /* SwiftyJSON.framework */,
				4E37DAE11A9A3768004C9017 /* SwiftyJSONTests.xctest */,
				4E37DAE31A9A3768004C9017 /* SwiftyJSON.framework */,
				4E37DAE51A9A3768004C9017 /* SwiftyJSONOSXTests.xctest */,
			);
			name = Products;
			sourceTree = "<group>";
		};
		4E4611B61A9A213C00116822 = {
			isa = PBXGroup;
			children = (
				4E4611C11A9A213C00116822 /* LiftieClient */,
				4E4611DC1A9A213C00116822 /* LiftieClientTests */,
				4E4611C01A9A213C00116822 /* Products */,
			);
			sourceTree = "<group>";
		};
		4E4611C01A9A213C00116822 /* Products */ = {
			isa = PBXGroup;
			children = (
				4E4611BF1A9A213C00116822 /* LiftieClient.app */,
				4E4611D91A9A213C00116822 /* LiftieClientTests.xctest */,
			);
			name = Products;
			sourceTree = "<group>";
		};
		4E4611C11A9A213C00116822 /* LiftieClient */ = {
			isa = PBXGroup;
			children = (
				4E4611C41A9A213C00116822 /* AppDelegate.swift */,
				4E4611C91A9A213C00116822 /* MasterViewController.swift */,
				4E2165D71AAA48C000156D39 /* ResortCell.swift */,
				4E4611CB1A9A213C00116822 /* DetailViewController.swift */,
				4E57FEFB1A9A3C1D00FED8ED /* DataAccessManager.swift */,
				4E4611CD1A9A213C00116822 /* Main.storyboard */,
				4E4611D01A9A213C00116822 /* Images.xcassets */,
				4E4611D21A9A213C00116822 /* LaunchScreen.xib */,
				4E4611C61A9A213C00116822 /* LiftieClient.xcdatamodeld */,
				4E4611E91A9A22DD00116822 /* Resort.swift */,
				4E2511841AA64160002EEA3A /* Lift.swift */,
				4E37DAB11A9A3767004C9017 /* SwiftyJsonLib */,
				4E4611C21A9A213C00116822 /* Supporting Files */,
			);
			path = LiftieClient;
			sourceTree = "<group>";
		};
		4E4611C21A9A213C00116822 /* Supporting Files */ = {
			isa = PBXGroup;
			children = (
				4E4611C31A9A213C00116822 /* Info.plist */,
			);
			name = "Supporting Files";
			sourceTree = "<group>";
		};
		4E4611DC1A9A213C00116822 /* LiftieClientTests */ = {
			isa = PBXGroup;
			children = (
				4E4611DF1A9A213C00116822 /* LiftieClientTests.swift */,
				4E4611DD1A9A213C00116822 /* Supporting Files */,
			);
			path = LiftieClientTests;
			sourceTree = "<group>";
		};
		4E4611DD1A9A213C00116822 /* Supporting Files */ = {
			isa = PBXGroup;
			children = (
				4E4611DE1A9A213C00116822 /* Info.plist */,
			);
			name = "Supporting Files";
			sourceTree = "<group>";
		};
/* End PBXGroup section */

/* Begin PBXNativeTarget section */
		4E4611BE1A9A213C00116822 /* LiftieClient */ = {
			isa = PBXNativeTarget;
			buildConfigurationList = 4E4611E31A9A213C00116822 /* Build configuration list for PBXNativeTarget "LiftieClient" */;
			buildPhases = (
				4E4611BB1A9A213C00116822 /* Sources */,
				4E4611BC1A9A213C00116822 /* Frameworks */,
				4E4611BD1A9A213C00116822 /* Resources */,
			);
			buildRules = (
			);
			dependencies = (
			);
			name = LiftieClient;
			productName = LiftieClient;
			productReference = 4E4611BF1A9A213C00116822 /* LiftieClient.app */;
			productType = "com.apple.product-type.application";
		};
		4E4611D81A9A213C00116822 /* LiftieClientTests */ = {
			isa = PBXNativeTarget;
			buildConfigurationList = 4E4611E61A9A213C00116822 /* Build configuration list for PBXNativeTarget "LiftieClientTests" */;
			buildPhases = (
				4E4611D51A9A213C00116822 /* Sources */,
				4E4611D61A9A213C00116822 /* Frameworks */,
				4E4611D71A9A213C00116822 /* Resources */,
			);
			buildRules = (
			);
			dependencies = (
				4E4611DB1A9A213C00116822 /* PBXTargetDependency */,
			);
			name = LiftieClientTests;
			productName = LiftieClientTests;
			productReference = 4E4611D91A9A213C00116822 /* LiftieClientTests.xctest */;
			productType = "com.apple.product-type.bundle.unit-test";
		};
/* End PBXNativeTarget section */

/* Begin PBXProject section */
		4E4611B71A9A213C00116822 /* Project object */ = {
			isa = PBXProject;
			attributes = {
				LastUpgradeCheck = 0610;
				ORGANIZATIONNAME = garyshirk;
				TargetAttributes = {
					4E4611BE1A9A213C00116822 = {
						CreatedOnToolsVersion = 6.1.1;
					};
					4E4611D81A9A213C00116822 = {
						CreatedOnToolsVersion = 6.1.1;
						TestTargetID = 4E4611BE1A9A213C00116822;
					};
				};
			};
			buildConfigurationList = 4E4611BA1A9A213C00116822 /* Build configuration list for PBXProject "LiftieClient" */;
			compatibilityVersion = "Xcode 3.2";
			developmentRegion = English;
			hasScannedForEncodings = 0;
			knownRegions = (
				en,
				Base,
			);
			mainGroup = 4E4611B61A9A213C00116822;
			productRefGroup = 4E4611C01A9A213C00116822 /* Products */;
			projectDirPath = "";
			projectReferences = (
				{
					ProductGroup = 4E37DAB71A9A3767004C9017 /* Products */;
					ProjectRef = 4E37DAB61A9A3767004C9017 /* SwiftyJSON.xcodeproj */;
				},
			);
			projectRoot = "";
			targets = (
				4E4611BE1A9A213C00116822 /* LiftieClient */,
				4E4611D81A9A213C00116822 /* LiftieClientTests */,
			);
		};
/* End PBXProject section */

/* Begin PBXReferenceProxy section */
		4E37DADF1A9A3768004C9017 /* SwiftyJSON.framework */ = {
			isa = PBXReferenceProxy;
			fileType = wrapper.framework;
			path = SwiftyJSON.framework;
			remoteRef = 4E37DADE1A9A3768004C9017 /* PBXContainerItemProxy */;
			sourceTree = BUILT_PRODUCTS_DIR;
		};
		4E37DAE11A9A3768004C9017 /* SwiftyJSONTests.xctest */ = {
			isa = PBXReferenceProxy;
			fileType = wrapper.cfbundle;
			path = SwiftyJSONTests.xctest;
			remoteRef = 4E37DAE01A9A3768004C9017 /* PBXContainerItemProxy */;
			sourceTree = BUILT_PRODUCTS_DIR;
		};
		4E37DAE31A9A3768004C9017 /* SwiftyJSON.framework */ = {
			isa = PBXReferenceProxy;
			fileType = wrapper.framework;
			path = SwiftyJSON.framework;
			remoteRef = 4E37DAE21A9A3768004C9017 /* PBXContainerItemProxy */;
			sourceTree = BUILT_PRODUCTS_DIR;
		};
		4E37DAE51A9A3768004C9017 /* SwiftyJSONOSXTests.xctest */ = {
			isa = PBXReferenceProxy;
			fileType = wrapper.cfbundle;
			path = SwiftyJSONOSXTests.xctest;
			remoteRef = 4E37DAE41A9A3768004C9017 /* PBXContainerItemProxy */;
			sourceTree = BUILT_PRODUCTS_DIR;
		};
/* End PBXReferenceProxy section */

/* Begin PBXResourcesBuildPhase section */
		4E4611BD1A9A213C00116822 /* Resources */ = {
			isa = PBXResourcesBuildPhase;
			buildActionMask = 2147483647;
			files = (
				4E4611CF1A9A213C00116822 /* Main.storyboard in Resources */,
				4E4611D41A9A213C00116822 /* LaunchScreen.xib in Resources */,
				4E4611D11A9A213C00116822 /* Images.xcassets in Resources */,
			);
			runOnlyForDeploymentPostprocessing = 0;
		};
		4E4611D71A9A213C00116822 /* Resources */ = {
			isa = PBXResourcesBuildPhase;
			buildActionMask = 2147483647;
			files = (
			);
			runOnlyForDeploymentPostprocessing = 0;
		};
/* End PBXResourcesBuildPhase section */

/* Begin PBXSourcesBuildPhase section */
		4E4611BB1A9A213C00116822 /* Sources */ = {
			isa = PBXSourcesBuildPhase;
			buildActionMask = 2147483647;
			files = (
				4E4611EA1A9A22DD00116822 /* Resort.swift in Sources */,
				4E4611C51A9A213C00116822 /* AppDelegate.swift in Sources */,
				4E4611C81A9A213C00116822 /* LiftieClient.xcdatamodeld in Sources */,
				4E37DACA1A9A3767004C9017 /* SwiftyJSON.swift in Sources */,
				4E2511851AA64160002EEA3A /* Lift.swift in Sources */,
				4E4611CA1A9A213C00116822 /* MasterViewController.swift in Sources */,
				4E2165D81AAA48C000156D39 /* ResortCell.swift in Sources */,
				4E57FEFC1A9A3C1D00FED8ED /* DataAccessManager.swift in Sources */,
				4E4611CC1A9A213C00116822 /* DetailViewController.swift in Sources */,
			);
			runOnlyForDeploymentPostprocessing = 0;
		};
		4E4611D51A9A213C00116822 /* Sources */ = {
			isa = PBXSourcesBuildPhase;
			buildActionMask = 2147483647;
			files = (
				4E4611E01A9A213C00116822 /* LiftieClientTests.swift in Sources */,
			);
			runOnlyForDeploymentPostprocessing = 0;
		};
/* End PBXSourcesBuildPhase section */

/* Begin PBXTargetDependency section */
		4E4611DB1A9A213C00116822 /* PBXTargetDependency */ = {
			isa = PBXTargetDependency;
			target = 4E4611BE1A9A213C00116822 /* LiftieClient */;
			targetProxy = 4E4611DA1A9A213C00116822 /* PBXContainerItemProxy */;
		};
/* End PBXTargetDependency section */

/* Begin PBXVariantGroup section */
		4E4611CD1A9A213C00116822 /* Main.storyboard */ = {
			isa = PBXVariantGroup;
			children = (
				4E4611CE1A9A213C00116822 /* Base */,
			);
			name = Main.storyboard;
			sourceTree = "<group>";
		};
		4E4611D21A9A213C00116822 /* LaunchScreen.xib */ = {
			isa = PBXVariantGroup;
			children = (
				4E4611D31A9A213C00116822 /* Base */,
			);
			name = LaunchScreen.xib;
			sourceTree = "<group>";
		};
/* End PBXVariantGroup section */

/* Begin XCBuildConfiguration section */
		4E4611E11A9A213C00116822 /* Debug */ = {
			isa = XCBuildConfiguration;
			buildSettings = {
				ALWAYS_SEARCH_USER_PATHS = NO;
				CLANG_CXX_LANGUAGE_STANDARD = "gnu++0x";
				CLANG_CXX_LIBRARY = "libc++";
				CLANG_ENABLE_MODULES = YES;
				CLANG_ENABLE_OBJC_ARC = YES;
				CLANG_WARN_BOOL_CONVERSION = YES;
				CLANG_WARN_CONSTANT_CONVERSION = YES;
				CLANG_WARN_DIRECT_OBJC_ISA_USAGE = YES_ERROR;
				CLANG_WARN_EMPTY_BODY = YES;
				CLANG_WARN_ENUM_CONVERSION = YES;
				CLANG_WARN_INT_CONVERSION = YES;
				CLANG_WARN_OBJC_ROOT_CLASS = YES_ERROR;
				CLANG_WARN_UNREACHABLE_CODE = YES;
				CLANG_WARN__DUPLICATE_METHOD_MATCH = YES;
				"CODE_SIGN_IDENTITY[sdk=iphoneos*]" = "iPhone Developer";
				COPY_PHASE_STRIP = NO;
				ENABLE_STRICT_OBJC_MSGSEND = YES;
				GCC_C_LANGUAGE_STANDARD = gnu99;
				GCC_DYNAMIC_NO_PIC = NO;
				GCC_OPTIMIZATION_LEVEL = 0;
				GCC_PREPROCESSOR_DEFINITIONS = (
					"DEBUG=1",
					"$(inherited)",
				);
				GCC_SYMBOLS_PRIVATE_EXTERN = NO;
				GCC_WARN_64_TO_32_BIT_CONVERSION = YES;
				GCC_WARN_ABOUT_RETURN_TYPE = YES_ERROR;
				GCC_WARN_UNDECLARED_SELECTOR = YES;
				GCC_WARN_UNINITIALIZED_AUTOS = YES_AGGRESSIVE;
				GCC_WARN_UNUSED_FUNCTION = YES;
				GCC_WARN_UNUSED_VARIABLE = YES;
				IPHONEOS_DEPLOYMENT_TARGET = 8.1;
				MTL_ENABLE_DEBUG_INFO = YES;
				ONLY_ACTIVE_ARCH = YES;
				SDKROOT = iphoneos;
				SWIFT_OPTIMIZATION_LEVEL = "-Onone";
				TARGETED_DEVICE_FAMILY = "1,2";
			};
			name = Debug;
		};
		4E4611E21A9A213C00116822 /* Release */ = {
			isa = XCBuildConfiguration;
			buildSettings = {
				ALWAYS_SEARCH_USER_PATHS = NO;
				CLANG_CXX_LANGUAGE_STANDARD = "gnu++0x";
				CLANG_CXX_LIBRARY = "libc++";
				CLANG_ENABLE_MODULES = YES;
				CLANG_ENABLE_OBJC_ARC = YES;
				CLANG_WARN_BOOL_CONVERSION = YES;
				CLANG_WARN_CONSTANT_CONVERSION = YES;
				CLANG_WARN_DIRECT_OBJC_ISA_USAGE = YES_ERROR;
				CLANG_WARN_EMPTY_BODY = YES;
				CLANG_WARN_ENUM_CONVERSION = YES;
				CLANG_WARN_INT_CONVERSION = YES;
				CLANG_WARN_OBJC_ROOT_CLASS = YES_ERROR;
				CLANG_WARN_UNREACHABLE_CODE = YES;
				CLANG_WARN__DUPLICATE_METHOD_MATCH = YES;
				"CODE_SIGN_IDENTITY[sdk=iphoneos*]" = "iPhone Developer";
				COPY_PHASE_STRIP = YES;
				ENABLE_NS_ASSERTIONS = NO;
				ENABLE_STRICT_OBJC_MSGSEND = YES;
				GCC_C_LANGUAGE_STANDARD = gnu99;
				GCC_WARN_64_TO_32_BIT_CONVERSION = YES;
				GCC_WARN_ABOUT_RETURN_TYPE = YES_ERROR;
				GCC_WARN_UNDECLARED_SELECTOR = YES;
				GCC_WARN_UNINITIALIZED_AUTOS = YES_AGGRESSIVE;
				GCC_WARN_UNUSED_FUNCTION = YES;
				GCC_WARN_UNUSED_VARIABLE = YES;
				IPHONEOS_DEPLOYMENT_TARGET = 8.1;
				MTL_ENABLE_DEBUG_INFO = NO;
				SDKROOT = iphoneos;
				TARGETED_DEVICE_FAMILY = "1,2";
				VALIDATE_PRODUCT = YES;
			};
			name = Release;
		};
		4E4611E41A9A213C00116822 /* Debug */ = {
			isa = XCBuildConfiguration;
			buildSettings = {
				ASSETCATALOG_COMPILER_APPICON_NAME = AppIcon;
				INFOPLIST_FILE = LiftieClient/Info.plist;
				LD_RUNPATH_SEARCH_PATHS = "$(inherited) @executable_path/Frameworks";
				PRODUCT_NAME = "$(TARGET_NAME)";
			};
			name = Debug;
		};
		4E4611E51A9A213C00116822 /* Release */ = {
			isa = XCBuildConfiguration;
			buildSettings = {
				ASSETCATALOG_COMPILER_APPICON_NAME = AppIcon;
				INFOPLIST_FILE = LiftieClient/Info.plist;
				LD_RUNPATH_SEARCH_PATHS = "$(inherited) @executable_path/Frameworks";
				PRODUCT_NAME = "$(TARGET_NAME)";
			};
			name = Release;
		};
		4E4611E71A9A213C00116822 /* Debug */ = {
			isa = XCBuildConfiguration;
			buildSettings = {
				BUNDLE_LOADER = "$(TEST_HOST)";
				FRAMEWORK_SEARCH_PATHS = (
					"$(SDKROOT)/Developer/Library/Frameworks",
					"$(inherited)",
				);
				GCC_PREPROCESSOR_DEFINITIONS = (
					"DEBUG=1",
					"$(inherited)",
				);
				INFOPLIST_FILE = LiftieClientTests/Info.plist;
				LD_RUNPATH_SEARCH_PATHS = "$(inherited) @executable_path/Frameworks @loader_path/Frameworks";
				PRODUCT_NAME = "$(TARGET_NAME)";
				TEST_HOST = "$(BUILT_PRODUCTS_DIR)/LiftieClient.app/LiftieClient";
			};
			name = Debug;
		};
		4E4611E81A9A213C00116822 /* Release */ = {
			isa = XCBuildConfiguration;
			buildSettings = {
				BUNDLE_LOADER = "$(TEST_HOST)";
				FRAMEWORK_SEARCH_PATHS = (
					"$(SDKROOT)/Developer/Library/Frameworks",
					"$(inherited)",
				);
				INFOPLIST_FILE = LiftieClientTests/Info.plist;
				LD_RUNPATH_SEARCH_PATHS = "$(inherited) @executable_path/Frameworks @loader_path/Frameworks";
				PRODUCT_NAME = "$(TARGET_NAME)";
				TEST_HOST = "$(BUILT_PRODUCTS_DIR)/LiftieClient.app/LiftieClient";
			};
			name = Release;
		};
/* End XCBuildConfiguration section */

/* Begin XCConfigurationList section */
		4E4611BA1A9A213C00116822 /* Build configuration list for PBXProject "LiftieClient" */ = {
			isa = XCConfigurationList;
			buildConfigurations = (
				4E4611E11A9A213C00116822 /* Debug */,
				4E4611E21A9A213C00116822 /* Release */,
			);
			defaultConfigurationIsVisible = 0;
			defaultConfigurationName = Release;
		};
		4E4611E31A9A213C00116822 /* Build configuration list for PBXNativeTarget "LiftieClient" */ = {
			isa = XCConfigurationList;
			buildConfigurations = (
				4E4611E41A9A213C00116822 /* Debug */,
				4E4611E51A9A213C00116822 /* Release */,
			);
			defaultConfigurationIsVisible = 0;
			defaultConfigurationName = Release;
		};
		4E4611E61A9A213C00116822 /* Build configuration list for PBXNativeTarget "LiftieClientTests" */ = {
			isa = XCConfigurationList;
			buildConfigurations = (
				4E4611E71A9A213C00116822 /* Debug */,
				4E4611E81A9A213C00116822 /* Release */,
			);
			defaultConfigurationIsVisible = 0;
			defaultConfigurationName = Release;
		};
/* End XCConfigurationList section */

/* Begin XCVersionGroup section */
		4E4611C61A9A213C00116822 /* LiftieClient.xcdatamodeld */ = {
			isa = XCVersionGroup;
			children = (
				4E4611C71A9A213C00116822 /* LiftieClient.xcdatamodel */,
			);
			currentVersion = 4E4611C71A9A213C00116822 /* LiftieClient.xcdatamodel */;
			path = LiftieClient.xcdatamodeld;
			sourceTree = "<group>";
			versionGroupType = wrapper.xcdatamodel;
		};
/* End XCVersionGroup section */
	};
	rootObject = 4E4611B71A9A213C00116822 /* Project object */;
}
